// !$*UTF8*$!
{
	archiveVersion = 1;
	classes = {
	};
	objectVersion = 77;
	objects = {

/* Begin PBXBuildFile section */
		9F710ED42F64BECD006D6FCD /* Secrets.swift in Sources */ = {isa = PBXBuildFile; fileRef = 9F710ED32F64BECD006D6FCD /* Secrets.swift */; };
		9F8334372F68A29600F8A784 /* WidgetKit.framework in Frameworks */ = {isa = PBXBuildFile; fileRef = 9F8334362F68A29600F8A784 /* WidgetKit.framework */; };
		9F8334392F68A29600F8A784 /* SwiftUI.framework in Frameworks */ = {isa = PBXBuildFile; fileRef = 9F8334382F68A29600F8A784 /* SwiftUI.framework */; };
		9F8334482F68A29700F8A784 /* CreditCardWidgetExtensionExtension.appex in Embed Foundation Extensions */ = {isa = PBXBuildFile; fileRef = 9F8334342F68A29600F8A784 /* CreditCardWidgetExtensionExtension.appex */; settings = {ATTRIBUTES = (RemoveHeadersOnCopy, ); }; };
		9F8334522F68A50D00F8A784 /* WidgetKit.framework in Frameworks */ = {isa = PBXBuildFile; fileRef = 9F8334512F68A50D00F8A784 /* WidgetKit.framework */; };
		AA0001AA2F700000001A9C60 /* CreditCardTrackerApp.swift in Sources */ = {isa = PBXBuildFile; fileRef = AA0001AB2F700000001A9C60 /* CreditCardTrackerApp.swift */; };
		AA0002AA2F700000001A9C60 /* ContentView.swift in Sources */ = {isa = PBXBuildFile; fileRef = AA0002AB2F700000001A9C60 /* ContentView.swift */; };
		AA0003AA2F700000001A9C60 /* DashboardResponse.swift in Sources */ = {isa = PBXBuildFile; fileRef = AA0003AB2F700000001A9C60 /* DashboardResponse.swift */; };
		AA0004AA2F700000001A9C60 /* Category.swift in Sources */ = {isa = PBXBuildFile; fileRef = AA0004AB2F700000001A9C60 /* Category.swift */; };
		AA0005AA2F700000001A9C60 /* Expense.swift in Sources */ = {isa = PBXBuildFile; fileRef = AA0005AB2F700000001A9C60 /* Expense.swift */; };
		AA0006AA2F700000001A9C60 /* Pagination.swift in Sources */ = {isa = PBXBuildFile; fileRef = AA0006AB2F700000001A9C60 /* Pagination.swift */; };
		AA0007AA2F700000001A9C60 /* APIError.swift in Sources */ = {isa = PBXBuildFile; fileRef = AA0007AB2F700000001A9C60 /* APIError.swift */; };
		AA0008AA2F700000001A9C60 /* APIClient.swift in Sources */ = {isa = PBXBuildFile; fileRef = AA0008AB2F700000001A9C60 /* APIClient.swift */; };
		AA0009AA2F700000001A9C60 /* DashboardViewModel.swift in Sources */ = {isa = PBXBuildFile; fileRef = AA0009AB2F700000001A9C60 /* DashboardViewModel.swift */; };
		AA000AAA2F700000001A9C60 /* MonthSelectorView.swift in Sources */ = {isa = PBXBuildFile; fileRef = AA000AAB2F700000001A9C60 /* MonthSelectorView.swift */; };
		AA000BAA2F700000001A9C60 /* DonutChartView.swift in Sources */ = {isa = PBXBuildFile; fileRef = AA000BAB2F700000001A9C60 /* DonutChartView.swift */; };
		AA000CAA2F700000001A9C60 /* CategoryBarChartView.swift in Sources */ = {isa = PBXBuildFile; fileRef = AA000CAB2F700000001A9C60 /* CategoryBarChartView.swift */; };
		AA000DAA2F700000001A9C60 /* ExpensesListView.swift in Sources */ = {isa = PBXBuildFile; fileRef = AA000DAB2F700000001A9C60 /* ExpensesListView.swift */; };
		AA000EAA2F700000001A9C60 /* DashboardView.swift in Sources */ = {isa = PBXBuildFile; fileRef = AA000EAB2F700000001A9C60 /* DashboardView.swift */; };
		AA000FAA2F700000001A9C60 /* CurrencyFormatter.swift in Sources */ = {isa = PBXBuildFile; fileRef = AA000FAB2F700000001A9C60 /* CurrencyFormatter.swift */; };
		AA0010AA2F700000001A9C60 /* Color+Hex.swift in Sources */ = {isa = PBXBuildFile; fileRef = AA0010AB2F700000001A9C60 /* Color+Hex.swift */; };
		AA0011AA2F700000001A9C60 /* PhosphorToSFSymbol.swift in Sources */ = {isa = PBXBuildFile; fileRef = AA0011AB2F700000001A9C60 /* PhosphorToSFSymbol.swift */; };
		AA0030AA2F700000001A9C60 /* Assets.xcassets in Resources */ = {isa = PBXBuildFile; fileRef = AA0030AB2F700000001A9C60 /* Assets.xcassets */; };
		BB0001AA2F800000001A9C60 /* AppLockViewModel.swift in Sources */ = {isa = PBXBuildFile; fileRef = BB0001AB2F800000001A9C60 /* AppLockViewModel.swift */; };
		BB0002AA2F800000001A9C60 /* LockScreenView.swift in Sources */ = {isa = PBXBuildFile; fileRef = BB0002AB2F800000001A9C60 /* LockScreenView.swift */; };
		CC0001AA2F900000001A9C60 /* CategoryExpensesView.swift in Sources */ = {isa = PBXBuildFile; fileRef = CC0001AB2F900000001A9C60 /* CategoryExpensesView.swift */; };
		CC0002AA2F900000001A9C60 /* CategoryExpensesViewModel.swift in Sources */ = {isa = PBXBuildFile; fileRef = CC0002AB2F900000001A9C60 /* CategoryExpensesViewModel.swift */; };
/* End PBXBuildFile section */

/* Begin PBXContainerItemProxy section */
		9F8334462F68A29700F8A784 /* PBXContainerItemProxy */ = {
			isa = PBXContainerItemProxy;
			containerPortal = 9F8DB0342F637FFA001A9C60 /* Project object */;
			proxyType = 1;
			remoteGlobalIDString = 9F8334332F68A29600F8A784;
			remoteInfo = CreditCardWidgetExtensionExtension;
		};
/* End PBXContainerItemProxy section */

/* Begin PBXCopyFilesBuildPhase section */
		9F8334492F68A29700F8A784 /* Embed Foundation Extensions */ = {
			isa = PBXCopyFilesBuildPhase;
			buildActionMask = 2147483647;
			dstPath = "";
			dstSubfolderSpec = 13;
			files = (
				9F8334482F68A29700F8A784 /* CreditCardWidgetExtensionExtension.appex in Embed Foundation Extensions */,
			);
			name = "Embed Foundation Extensions";
			runOnlyForDeploymentPostprocessing = 0;
		};
/* End PBXCopyFilesBuildPhase section */

/* Begin PBXFileReference section */
		9F710ED32F64BECD006D6FCD /* Secrets.swift */ = {isa = PBXFileReference; lastKnownFileType = sourcecode.swift; path = Secrets.swift; sourceTree = "<group>"; };
		9F8334342F68A29600F8A784 /* CreditCardWidgetExtensionExtension.appex */ = {isa = PBXFileReference; explicitFileType = "wrapper.app-extension"; includeInIndex = 0; path = CreditCardWidgetExtensionExtension.appex; sourceTree = BUILT_PRODUCTS_DIR; };
		9F8334362F68A29600F8A784 /* WidgetKit.framework */ = {isa = PBXFileReference; lastKnownFileType = wrapper.framework; name = WidgetKit.framework; path = System/Library/Frameworks/WidgetKit.framework; sourceTree = SDKROOT; };
		9F8334382F68A29600F8A784 /* SwiftUI.framework */ = {isa = PBXFileReference; lastKnownFileType = wrapper.framework; name = SwiftUI.framework; path = System/Library/Frameworks/SwiftUI.framework; sourceTree = SDKROOT; };
		9F8334502F68A4C700F8A784 /* CreditCardWidgetExtensionExtension.entitlements */ = {isa = PBXFileReference; lastKnownFileType = text.plist.entitlements; path = CreditCardWidgetExtensionExtension.entitlements; sourceTree = "<group>"; };
		9F8334512F68A50D00F8A784 /* WidgetKit.framework */ = {isa = PBXFileReference; lastKnownFileType = wrapper.framework; name = WidgetKit.framework; path = Platforms/iPhoneOS.platform/Developer/SDKs/iPhoneOS26.2.sdk/System/Library/Frameworks/WidgetKit.framework; sourceTree = DEVELOPER_DIR; };
		9F8DB03C2F637FFA001A9C60 /* CreditCardTracker.app */ = {isa = PBXFileReference; explicitFileType = wrapper.application; includeInIndex = 0; path = CreditCardTracker.app; sourceTree = BUILT_PRODUCTS_DIR; };
		AA0001AB2F700000001A9C60 /* CreditCardTrackerApp.swift */ = {isa = PBXFileReference; lastKnownFileType = sourcecode.swift; path = CreditCardTrackerApp.swift; sourceTree = "<group>"; };
		AA0002AB2F700000001A9C60 /* ContentView.swift */ = {isa = PBXFileReference; lastKnownFileType = sourcecode.swift; path = ContentView.swift; sourceTree = "<group>"; };
		AA0003AB2F700000001A9C60 /* DashboardResponse.swift */ = {isa = PBXFileReference; lastKnownFileType = sourcecode.swift; path = DashboardResponse.swift; sourceTree = "<group>"; };
		AA0004AB2F700000001A9C60 /* Category.swift */ = {isa = PBXFileReference; lastKnownFileType = sourcecode.swift; path = Category.swift; sourceTree = "<group>"; };
		AA0005AB2F700000001A9C60 /* Expense.swift */ = {isa = PBXFileReference; lastKnownFileType = sourcecode.swift; path = Expense.swift; sourceTree = "<group>"; };
		AA0006AB2F700000001A9C60 /* Pagination.swift */ = {isa = PBXFileReference; lastKnownFileType = sourcecode.swift; path = Pagination.swift; sourceTree = "<group>"; };
		AA0007AB2F700000001A9C60 /* APIError.swift */ = {isa = PBXFileReference; lastKnownFileType = sourcecode.swift; path = APIError.swift; sourceTree = "<group>"; };
		AA0008AB2F700000001A9C60 /* APIClient.swift */ = {isa = PBXFileReference; lastKnownFileType = sourcecode.swift; path = APIClient.swift; sourceTree = "<group>"; };
		AA0009AB2F700000001A9C60 /* DashboardViewModel.swift */ = {isa = PBXFileReference; lastKnownFileType = sourcecode.swift; path = DashboardViewModel.swift; sourceTree = "<group>"; };
		AA000AAB2F700000001A9C60 /* MonthSelectorView.swift */ = {isa = PBXFileReference; lastKnownFileType = sourcecode.swift; path = MonthSelectorView.swift; sourceTree = "<group>"; };
		AA000BAB2F700000001A9C60 /* DonutChartView.swift */ = {isa = PBXFileReference; lastKnownFileType = sourcecode.swift; path = DonutChartView.swift; sourceTree = "<group>"; };
		AA000CAB2F700000001A9C60 /* CategoryBarChartView.swift */ = {isa = PBXFileReference; lastKnownFileType = sourcecode.swift; path = CategoryBarChartView.swift; sourceTree = "<group>"; };
		AA000DAB2F700000001A9C60 /* ExpensesListView.swift */ = {isa = PBXFileReference; lastKnownFileType = sourcecode.swift; path = ExpensesListView.swift; sourceTree = "<group>"; };
		AA000EAB2F700000001A9C60 /* DashboardView.swift */ = {isa = PBXFileReference; lastKnownFileType = sourcecode.swift; path = DashboardView.swift; sourceTree = "<group>"; };
		AA000FAB2F700000001A9C60 /* CurrencyFormatter.swift */ = {isa = PBXFileReference; lastKnownFileType = sourcecode.swift; path = CurrencyFormatter.swift; sourceTree = "<group>"; };
		AA0010AB2F700000001A9C60 /* Color+Hex.swift */ = {isa = PBXFileReference; lastKnownFileType = sourcecode.swift; path = "Color+Hex.swift"; sourceTree = "<group>"; };
		AA0011AB2F700000001A9C60 /* PhosphorToSFSymbol.swift */ = {isa = PBXFileReference; lastKnownFileType = sourcecode.swift; path = PhosphorToSFSymbol.swift; sourceTree = "<group>"; };
		AA0030AB2F700000001A9C60 /* Assets.xcassets */ = {isa = PBXFileReference; lastKnownFileType = folder.assetcatalog; path = Assets.xcassets; sourceTree = "<group>"; };
		BB0001AB2F800000001A9C60 /* AppLockViewModel.swift */ = {isa = PBXFileReference; lastKnownFileType = sourcecode.swift; path = AppLockViewModel.swift; sourceTree = "<group>"; };
		BB0002AB2F800000001A9C60 /* LockScreenView.swift */ = {isa = PBXFileReference; lastKnownFileType = sourcecode.swift; path = LockScreenView.swift; sourceTree = "<group>"; };
		CC0001AB2F900000001A9C60 /* CategoryExpensesView.swift */ = {isa = PBXFileReference; lastKnownFileType = sourcecode.swift; path = CategoryExpensesView.swift; sourceTree = "<group>"; };
		CC0002AB2F900000001A9C60 /* CategoryExpensesViewModel.swift */ = {isa = PBXFileReference; lastKnownFileType = sourcecode.swift; path = CategoryExpensesViewModel.swift; sourceTree = "<group>"; };
/* End PBXFileReference section */

/* Begin PBXFileSystemSynchronizedBuildFileExceptionSet section */
		9F83344C2F68A29700F8A784 /* Exceptions for "CreditCardWidgetExtension" folder in "CreditCardWidgetExtensionExtension" target */ = {
			isa = PBXFileSystemSynchronizedBuildFileExceptionSet;
			membershipExceptions = (
				Info.plist,
			);
			target = 9F8334332F68A29600F8A784 /* CreditCardWidgetExtensionExtension */;
		};
/* End PBXFileSystemSynchronizedBuildFileExceptionSet section */

/* Begin PBXFileSystemSynchronizedRootGroup section */
		9F83343A2F68A29600F8A784 /* CreditCardWidgetExtension */ = {
			isa = PBXFileSystemSynchronizedRootGroup;
			exceptions = (
				9F83344C2F68A29700F8A784 /* Exceptions for "CreditCardWidgetExtension" folder in "CreditCardWidgetExtensionExtension" target */,
			);
			path = CreditCardWidgetExtension;
			sourceTree = "<group>";
		};
/* End PBXFileSystemSynchronizedRootGroup section */

/* Begin PBXFrameworksBuildPhase section */
		9F8334312F68A29600F8A784 /* Frameworks */ = {
			isa = PBXFrameworksBuildPhase;
			buildActionMask = 2147483647;
			files = (
				9F8334522F68A50D00F8A784 /* WidgetKit.framework in Frameworks */,
				9F8334392F68A29600F8A784 /* SwiftUI.framework in Frameworks */,
				9F8334372F68A29600F8A784 /* WidgetKit.framework in Frameworks */,
			);
			runOnlyForDeploymentPostprocessing = 0;
		};
		9F8DB0392F637FFA001A9C60 /* Frameworks */ = {
			isa = PBXFrameworksBuildPhase;
			buildActionMask = 2147483647;
			files = (
			);
			runOnlyForDeploymentPostprocessing = 0;
		};
/* End PBXFrameworksBuildPhase section */

/* Begin PBXGroup section */
		9F8334352F68A29600F8A784 /* Frameworks */ = {
			isa = PBXGroup;
			children = (
				9F8334362F68A29600F8A784 /* WidgetKit.framework */,
				9F8334512F68A50D00F8A784 /* WidgetKit.framework */,
				9F8334382F68A29600F8A784 /* SwiftUI.framework */,
			);
			name = Frameworks;
			sourceTree = "<group>";
		};
		9F8DB0332F637FFA001A9C60 = {
			isa = PBXGroup;
			children = (
				AA0020AB2F700000001A9C60 /* CreditCardTracker */,
				9F83343A2F68A29600F8A784 /* CreditCardWidgetExtension */,
				9F8334352F68A29600F8A784 /* Frameworks */,
				9F8DB03D2F637FFA001A9C60 /* Products */,
			);
			sourceTree = "<group>";
		};
		9F8DB03D2F637FFA001A9C60 /* Products */ = {
			isa = PBXGroup;
			children = (
				9F8DB03C2F637FFA001A9C60 /* CreditCardTracker.app */,
				9F8334342F68A29600F8A784 /* CreditCardWidgetExtensionExtension.appex */,
			);
			name = Products;
			sourceTree = "<group>";
		};
		AA0020AB2F700000001A9C60 /* CreditCardTracker */ = {
			isa = PBXGroup;
			children = (
				9F710ED32F64BECD006D6FCD /* Secrets.swift */,
				AA0001AB2F700000001A9C60 /* CreditCardTrackerApp.swift */,
				AA0002AB2F700000001A9C60 /* ContentView.swift */,
				AA0030AB2F700000001A9C60 /* Assets.xcassets */,
				AA0021AB2F700000001A9C60 /* Models */,
				AA0022AB2F700000001A9C60 /* Networking */,
				AA0023AB2F700000001A9C60 /* ViewModels */,
				AA0024AB2F700000001A9C60 /* Views */,
				AA0025AB2F700000001A9C60 /* Utilities */,
				9F8334502F68A4C700F8A784 /* CreditCardWidgetExtensionExtension.entitlements */,
			);
			path = CreditCardTracker;
			sourceTree = "<group>";
		};
		AA0021AB2F700000001A9C60 /* Models */ = {
			isa = PBXGroup;
			children = (
				AA0003AB2F700000001A9C60 /* DashboardResponse.swift */,
				AA0004AB2F700000001A9C60 /* Category.swift */,
				AA0005AB2F700000001A9C60 /* Expense.swift */,
				AA0006AB2F700000001A9C60 /* Pagination.swift */,
			);
			path = Models;
			sourceTree = "<group>";
		};
		AA0022AB2F700000001A9C60 /* Networking */ = {
			isa = PBXGroup;
			children = (
				AA0007AB2F700000001A9C60 /* APIError.swift */,
				AA0008AB2F700000001A9C60 /* APIClient.swift */,
			);
			path = Networking;
			sourceTree = "<group>";
		};
		AA0023AB2F700000001A9C60 /* ViewModels */ = {
			isa = PBXGroup;
			children = (
				AA0009AB2F700000001A9C60 /* DashboardViewModel.swift */,
				BB0001AB2F800000001A9C60 /* AppLockViewModel.swift */,
				CC0002AB2F900000001A9C60 /* CategoryExpensesViewModel.swift */,
			);
			path = ViewModels;
			sourceTree = "<group>";
		};
		AA0024AB2F700000001A9C60 /* Views */ = {
			isa = PBXGroup;
			children = (
				AA000AAB2F700000001A9C60 /* MonthSelectorView.swift */,
				AA000BAB2F700000001A9C60 /* DonutChartView.swift */,
				AA000CAB2F700000001A9C60 /* CategoryBarChartView.swift */,
				AA000DAB2F700000001A9C60 /* ExpensesListView.swift */,
				AA000EAB2F700000001A9C60 /* DashboardView.swift */,
				BB0002AB2F800000001A9C60 /* LockScreenView.swift */,
				CC0001AB2F900000001A9C60 /* CategoryExpensesView.swift */,
			);
			path = Views;
			sourceTree = "<group>";
		};
		AA0025AB2F700000001A9C60 /* Utilities */ = {
			isa = PBXGroup;
			children = (
				AA000FAB2F700000001A9C60 /* CurrencyFormatter.swift */,
				AA0010AB2F700000001A9C60 /* Color+Hex.swift */,
				AA0011AB2F700000001A9C60 /* PhosphorToSFSymbol.swift */,
			);
			path = Utilities;
			sourceTree = "<group>";
		};
/* End PBXGroup section */

/* Begin PBXNativeTarget section */
		9F8334332F68A29600F8A784 /* CreditCardWidgetExtensionExtension */ = {
			isa = PBXNativeTarget;
			buildConfigurationList = 9F83344D2F68A29700F8A784 /* Build configuration list for PBXNativeTarget "CreditCardWidgetExtensionExtension" */;
			buildPhases = (
				9F8334302F68A29600F8A784 /* Sources */,
				9F8334312F68A29600F8A784 /* Frameworks */,
				9F8334322F68A29600F8A784 /* Resources */,
			);
			buildRules = (
			);
			dependencies = (
			);
			fileSystemSynchronizedGroups = (
				9F83343A2F68A29600F8A784 /* CreditCardWidgetExtension */,
			);
			name = CreditCardWidgetExtensionExtension;
			packageProductDependencies = (
			);
			productName = CreditCardWidgetExtensionExtension;
			productReference = 9F8334342F68A29600F8A784 /* CreditCardWidgetExtensionExtension.appex */;
			productType = "com.apple.product-type.app-extension";
		};
		9F8DB03B2F637FFA001A9C60 /* CreditCardTracker */ = {
			isa = PBXNativeTarget;
			buildConfigurationList = 9F8DB0472F637FFB001A9C60 /* Build configuration list for PBXNativeTarget "CreditCardTracker" */;
			buildPhases = (
				9F8DB0382F637FFA001A9C60 /* Sources */,
				9F8DB0392F637FFA001A9C60 /* Frameworks */,
				9F8DB03A2F637FFA001A9C60 /* Resources */,
				9F8334492F68A29700F8A784 /* Embed Foundation Extensions */,
			);
			buildRules = (
			);
			dependencies = (
				9F8334472F68A29700F8A784 /* PBXTargetDependency */,
			);
			name = CreditCardTracker;
			packageProductDependencies = (
			);
			productName = CreditCardTracker;
			productReference = 9F8DB03C2F637FFA001A9C60 /* CreditCardTracker.app */;
			productType = "com.apple.product-type.application";
		};
/* End PBXNativeTarget section */

/* Begin PBXProject section */
		9F8DB0342F637FFA001A9C60 /* Project object */ = {
			isa = PBXProject;
			attributes = {
				BuildIndependentTargetsInParallel = 1;
				LastSwiftUpdateCheck = 2630;
				LastUpgradeCheck = 2630;
				TargetAttributes = {
					9F8334332F68A29600F8A784 = {
						CreatedOnToolsVersion = 26.3;
					};
					9F8DB03B2F637FFA001A9C60 = {
						CreatedOnToolsVersion = 26.3;
					};
				};
			};
			buildConfigurationList = 9F8DB0372F637FFA001A9C60 /* Build configuration list for PBXProject "CreditCardTracker" */;
			developmentRegion = en;
			hasScannedForEncodings = 0;
			knownRegions = (
				en,
				Base,
			);
			mainGroup = 9F8DB0332F637FFA001A9C60;
			minimizedProjectReferenceProxies = 1;
			preferredProjectObjectVersion = 77;
			productRefGroup = 9F8DB03D2F637FFA001A9C60 /* Products */;
			projectDirPath = "";
			projectRoot = "";
			targets = (
				9F8DB03B2F637FFA001A9C60 /* CreditCardTracker */,
				9F8334332F68A29600F8A784 /* CreditCardWidgetExtensionExtension */,
			);
		};
/* End PBXProject section */

/* Begin PBXResourcesBuildPhase section */
		9F8334322F68A29600F8A784 /* Resources */ = {
			isa = PBXResourcesBuildPhase;
			buildActionMask = 2147483647;
			files = (
			);
			runOnlyForDeploymentPostprocessing = 0;
		};
		9F8DB03A2F637FFA001A9C60 /* Resources */ = {
			isa = PBXResourcesBuildPhase;
			buildActionMask = 2147483647;
			files = (
				AA0030AA2F700000001A9C60 /* Assets.xcassets in Resources */,
			);
			runOnlyForDeploymentPostprocessing = 0;
		};
/* End PBXResourcesBuildPhase section */

/* Begin PBXSourcesBuildPhase section */
		9F8334302F68A29600F8A784 /* Sources */ = {
			isa = PBXSourcesBuildPhase;
			buildActionMask = 2147483647;
			files = (
			);
			runOnlyForDeploymentPostprocessing = 0;
		};
		9F8DB0382F637FFA001A9C60 /* Sources */ = {
			isa = PBXSourcesBuildPhase;
			buildActionMask = 2147483647;
			files = (
				AA0001AA2F700000001A9C60 /* CreditCardTrackerApp.swift in Sources */,
				9F710ED42F64BECD006D6FCD /* Secrets.swift in Sources */,
				AA0002AA2F700000001A9C60 /* ContentView.swift in Sources */,
				AA0003AA2F700000001A9C60 /* DashboardResponse.swift in Sources */,
				AA0004AA2F700000001A9C60 /* Category.swift in Sources */,
				AA0005AA2F700000001A9C60 /* Expense.swift in Sources */,
				AA0006AA2F700000001A9C60 /* Pagination.swift in Sources */,
				AA0007AA2F700000001A9C60 /* APIError.swift in Sources */,
				AA0008AA2F700000001A9C60 /* APIClient.swift in Sources */,
				AA0009AA2F700000001A9C60 /* DashboardViewModel.swift in Sources */,
				BB0001AA2F800000001A9C60 /* AppLockViewModel.swift in Sources */,
				BB0002AA2F800000001A9C60 /* LockScreenView.swift in Sources */,
				AA000AAA2F700000001A9C60 /* MonthSelectorView.swift in Sources */,
				AA000BAA2F700000001A9C60 /* DonutChartView.swift in Sources */,
				AA000CAA2F700000001A9C60 /* CategoryBarChartView.swift in Sources */,
				AA000DAA2F700000001A9C60 /* ExpensesListView.swift in Sources */,
				AA000EAA2F700000001A9C60 /* DashboardView.swift in Sources */,
				AA000FAA2F700000001A9C60 /* CurrencyFormatter.swift in Sources */,
				AA0010AA2F700000001A9C60 /* Color+Hex.swift in Sources */,
				AA0011AA2F700000001A9C60 /* PhosphorToSFSymbol.swift in Sources */,
				CC0001AA2F900000001A9C60 /* CategoryExpensesView.swift in Sources */,
				CC0002AA2F900000001A9C60 /* CategoryExpensesViewModel.swift in Sources */,
			);
			runOnlyForDeploymentPostprocessing = 0;
		};
/* End PBXSourcesBuildPhase section */

/* Begin PBXTargetDependency section */
		9F8334472F68A29700F8A784 /* PBXTargetDependency */ = {
			isa = PBXTargetDependency;
			target = 9F8334332F68A29600F8A784 /* CreditCardWidgetExtensionExtension */;
			targetProxy = 9F8334462F68A29700F8A784 /* PBXContainerItemProxy */;
		};
/* End PBXTargetDependency section */

/* Begin XCBuildConfiguration section */
		9F83344A2F68A29700F8A784 /* Debug */ = {
			isa = XCBuildConfiguration;
			buildSettings = {
				ASSETCATALOG_COMPILER_GLOBAL_ACCENT_COLOR_NAME = AccentColor;
				ASSETCATALOG_COMPILER_WIDGET_BACKGROUND_COLOR_NAME = WidgetBackground;
				CODE_SIGN_ENTITLEMENTS = CreditCardWidgetExtensionExtension.entitlements;
				CODE_SIGN_STYLE = Automatic;
				CURRENT_PROJECT_VERSION = 1;
				DEVELOPMENT_TEAM = 5YJFEUC2H5;
				GENERATE_INFOPLIST_FILE = YES;
				INFOPLIST_FILE = CreditCardWidgetExtension/Info.plist;
				INFOPLIST_KEY_CFBundleDisplayName = CreditCardWidgetExtension;
				INFOPLIST_KEY_NSHumanReadableCopyright = "";
				IPHONEOS_DEPLOYMENT_TARGET = 26.2;
				LD_RUNPATH_SEARCH_PATHS = (
					"$(inherited)",
					"@executable_path/Frameworks",
					"@executable_path/../../Frameworks",
				);
				MARKETING_VERSION = 1.1;
				PRODUCT_BUNDLE_IDENTIFIER = br.com.danilo.CreditCardTracker.CreditCardWidgetExtension;
				PRODUCT_NAME = "$(TARGET_NAME)";
				SDKROOT = iphoneos;
				SKIP_INSTALL = YES;
				STRING_CATALOG_GENERATE_SYMBOLS = YES;
				SWIFT_APPROACHABLE_CONCURRENCY = YES;
				SWIFT_EMIT_LOC_STRINGS = YES;
				SWIFT_UPCOMING_FEATURE_MEMBER_IMPORT_VISIBILITY = YES;
				SWIFT_VERSION = 5.0;
				TARGETED_DEVICE_FAMILY = "1,2";
			};
			name = Debug;
		};
		9F83344B2F68A29700F8A784 /* Release */ = {
			isa = XCBuildConfiguration;
			buildSettings = {
				ASSETCATALOG_COMPILER_GLOBAL_ACCENT_COLOR_NAME = AccentColor;
				ASSETCATALOG_COMPILER_WIDGET_BACKGROUND_COLOR_NAME = WidgetBackground;
				CODE_SIGN_ENTITLEMENTS = CreditCardWidgetExtensionExtension.entitlements;
				CODE_SIGN_STYLE = Automatic;
				CURRENT_PROJECT_VERSION = 1;
				DEVELOPMENT_TEAM = 5YJFEUC2H5;
				GENERATE_INFOPLIST_FILE = YES;
				INFOPLIST_FILE = CreditCardWidgetExtension/Info.plist;
				INFOPLIST_KEY_CFBundleDisplayName = CreditCardWidgetExtension;
				INFOPLIST_KEY_NSHumanReadableCopyright = "";
				IPHONEOS_DEPLOYMENT_TARGET = 26.2;
				LD_RUNPATH_SEARCH_PATHS = (
					"$(inherited)",
					"@executable_path/Frameworks",
					"@executable_path/../../Frameworks",
				);
				MARKETING_VERSION = 1.1;
				PRODUCT_BUNDLE_IDENTIFIER = br.com.danilo.CreditCardTracker.CreditCardWidgetExtension;
				PRODUCT_NAME = "$(TARGET_NAME)";
				SDKROOT = iphoneos;
				SKIP_INSTALL = YES;
				STRING_CATALOG_GENERATE_SYMBOLS = YES;
				SWIFT_APPROACHABLE_CONCURRENCY = YES;
				SWIFT_EMIT_LOC_STRINGS = YES;
				SWIFT_UPCOMING_FEATURE_MEMBER_IMPORT_VISIBILITY = YES;
				SWIFT_VERSION = 5.0;
				TARGETED_DEVICE_FAMILY = "1,2";
				VALIDATE_PRODUCT = YES;
			};
			name = Release;
		};
		9F8DB0452F637FFB001A9C60 /* Debug */ = {
			isa = XCBuildConfiguration;
			buildSettings = {
				ALWAYS_SEARCH_USER_PATHS = NO;
				ASSETCATALOG_COMPILER_GENERATE_SWIFT_ASSET_SYMBOL_EXTENSIONS = YES;
				CLANG_ANALYZER_NONNULL = YES;
				CLANG_ANALYZER_NUMBER_OBJECT_CONVERSION = YES_AGGRESSIVE;
				CLANG_CXX_LANGUAGE_STANDARD = "gnu++20";
				CLANG_ENABLE_MODULES = YES;
				CLANG_ENABLE_OBJC_ARC = YES;
				CLANG_ENABLE_OBJC_WEAK = YES;
				CLANG_WARN_BLOCK_CAPTURE_AUTORELEASING = YES;
				CLANG_WARN_BOOL_CONVERSION = YES;
				CLANG_WARN_COMMA = YES;
				CLANG_WARN_CONSTANT_CONVERSION = YES;
				CLANG_WARN_DEPRECATED_OBJC_IMPLEMENTATIONS = YES;
				CLANG_WARN_DIRECT_OBJC_ISA_USAGE = YES_ERROR;
				CLANG_WARN_DOCUMENTATION_COMMENTS = YES;
				CLANG_WARN_EMPTY_BODY = YES;
				CLANG_WARN_ENUM_CONVERSION = YES;
				CLANG_WARN_INFINITE_RECURSION = YES;
				CLANG_WARN_INT_CONVERSION = YES;
				CLANG_WARN_NON_LITERAL_NULL_CONVERSION = YES;
				CLANG_WARN_OBJC_IMPLICIT_RETAIN_SELF = YES;
				CLANG_WARN_OBJC_LITERAL_CONVERSION = YES;
				CLANG_WARN_OBJC_ROOT_CLASS = YES_ERROR;
				CLANG_WARN_QUOTED_INCLUDE_IN_FRAMEWORK_HEADER = YES;
				CLANG_WARN_RANGE_LOOP_ANALYSIS = YES;
				CLANG_WARN_STRICT_PROTOTYPES = YES;
				CLANG_WARN_SUSPICIOUS_MOVE = YES;
				CLANG_WARN_UNGUARDED_AVAILABILITY = YES_AGGRESSIVE;
				CLANG_WARN_UNREACHABLE_CODE = YES;
				CLANG_WARN__DUPLICATE_METHOD_MATCH = YES;
				COPY_PHASE_STRIP = NO;
				DEBUG_INFORMATION_FORMAT = dwarf;
				DEVELOPMENT_TEAM = 5YJFEUC2H5;
				ENABLE_STRICT_OBJC_MSGSEND = YES;
				ENABLE_TESTABILITY = YES;
				ENABLE_USER_SCRIPT_SANDBOXING = YES;
				GCC_C_LANGUAGE_STANDARD = gnu17;
				GCC_DYNAMIC_NO_PIC = NO;
				GCC_NO_COMMON_BLOCKS = YES;
				GCC_OPTIMIZATION_LEVEL = 0;
				GCC_PREPROCESSOR_DEFINITIONS = (
					"DEBUG=1",
					"$(inherited)",
				);
				GCC_WARN_64_TO_32_BIT_CONVERSION = YES;
				GCC_WARN_ABOUT_RETURN_TYPE = YES_ERROR;
				GCC_WARN_UNDECLARED_SELECTOR = YES;
				GCC_WARN_UNINITIALIZED_AUTOS = YES_AGGRESSIVE;
				GCC_WARN_UNUSED_FUNCTION = YES;
				GCC_WARN_UNUSED_VARIABLE = YES;
				LOCALIZATION_PREFERS_STRING_CATALOGS = YES;
				MTL_ENABLE_DEBUG_INFO = INCLUDE_SOURCE;
				MTL_FAST_MATH = YES;
				ONLY_ACTIVE_ARCH = YES;
				SWIFT_ACTIVE_COMPILATION_CONDITIONS = "DEBUG $(inherited)";
				SWIFT_OPTIMIZATION_LEVEL = "-Onone";
			};
			name = Debug;
		};
		9F8DB0462F637FFB001A9C60 /* Release */ = {
			isa = XCBuildConfiguration;
			buildSettings = {
				ALWAYS_SEARCH_USER_PATHS = NO;
				ASSETCATALOG_COMPILER_GENERATE_SWIFT_ASSET_SYMBOL_EXTENSIONS = YES;
				CLANG_ANALYZER_NONNULL = YES;
				CLANG_ANALYZER_NUMBER_OBJECT_CONVERSION = YES_AGGRESSIVE;
				CLANG_CXX_LANGUAGE_STANDARD = "gnu++20";
				CLANG_ENABLE_MODULES = YES;
				CLANG_ENABLE_OBJC_ARC = YES;
				CLANG_ENABLE_OBJC_WEAK = YES;
				CLANG_WARN_BLOCK_CAPTURE_AUTORELEASING = YES;
				CLANG_WARN_BOOL_CONVERSION = YES;
				CLANG_WARN_COMMA = YES;
				CLANG_WARN_CONSTANT_CONVERSION = YES;
				CLANG_WARN_DEPRECATED_OBJC_IMPLEMENTATIONS = YES;
				CLANG_WARN_DIRECT_OBJC_ISA_USAGE = YES_ERROR;
				CLANG_WARN_DOCUMENTATION_COMMENTS = YES;
				CLANG_WARN_EMPTY_BODY = YES;
				CLANG_WARN_ENUM_CONVERSION = YES;
				CLANG_WARN_INFINITE_RECURSION = YES;
				CLANG_WARN_INT_CONVERSION = YES;
				CLANG_WARN_NON_LITERAL_NULL_CONVERSION = YES;
				CLANG_WARN_OBJC_IMPLICIT_RETAIN_SELF = YES;
				CLANG_WARN_OBJC_LITERAL_CONVERSION = YES;
				CLANG_WARN_OBJC_ROOT_CLASS = YES_ERROR;
				CLANG_WARN_QUOTED_INCLUDE_IN_FRAMEWORK_HEADER = YES;
				CLANG_WARN_RANGE_LOOP_ANALYSIS = YES;
				CLANG_WARN_STRICT_PROTOTYPES = YES;
				CLANG_WARN_SUSPICIOUS_MOVE = YES;
				CLANG_WARN_UNGUARDED_AVAILABILITY = YES_AGGRESSIVE;
				CLANG_WARN_UNREACHABLE_CODE = YES;
				CLANG_WARN__DUPLICATE_METHOD_MATCH = YES;
				COPY_PHASE_STRIP = NO;
				DEBUG_INFORMATION_FORMAT = "dwarf-with-dsym";
				DEVELOPMENT_TEAM = 5YJFEUC2H5;
				ENABLE_NS_ASSERTIONS = NO;
				ENABLE_STRICT_OBJC_MSGSEND = YES;
				ENABLE_USER_SCRIPT_SANDBOXING = YES;
				GCC_C_LANGUAGE_STANDARD = gnu17;
				GCC_NO_COMMON_BLOCKS = YES;
				GCC_WARN_64_TO_32_BIT_CONVERSION = YES;
				GCC_WARN_ABOUT_RETURN_TYPE = YES_ERROR;
				GCC_WARN_UNDECLARED_SELECTOR = YES;
				GCC_WARN_UNINITIALIZED_AUTOS = YES_AGGRESSIVE;
				GCC_WARN_UNUSED_FUNCTION = YES;
				GCC_WARN_UNUSED_VARIABLE = YES;
				LOCALIZATION_PREFERS_STRING_CATALOGS = YES;
				MTL_ENABLE_DEBUG_INFO = NO;
				MTL_FAST_MATH = YES;
				SWIFT_COMPILATION_MODE = wholemodule;
			};
			name = Release;
		};
		9F8DB0482F637FFB001A9C60 /* Debug */ = {
			isa = XCBuildConfiguration;
			buildSettings = {
				ASSETCATALOG_COMPILER_APPICON_NAME = AppIcon;
				ASSETCATALOG_COMPILER_GLOBAL_ACCENT_COLOR_NAME = AccentColor;
				CODE_SIGN_ENTITLEMENTS = CreditCardTracker/CreditCardTracker.entitlements;
				CODE_SIGN_STYLE = Automatic;
				CURRENT_PROJECT_VERSION = 1;
				DEVELOPMENT_TEAM = 5YJFEUC2H5;
				ENABLE_APP_SANDBOX = YES;
				ENABLE_HARDENED_RUNTIME = YES;
				ENABLE_PREVIEWS = YES;
				ENABLE_USER_SELECTED_FILES = readonly;
				GENERATE_INFOPLIST_FILE = YES;
				INFOPLIST_KEY_CFBundleDisplayName = "Cartões";
				INFOPLIST_KEY_NSFaceIDUsageDescription = "Autentique-se para acessar seus cartões.";
				"INFOPLIST_KEY_UIApplicationSceneManifest_Generation[sdk=iphoneos*]" = YES;
				"INFOPLIST_KEY_UIApplicationSceneManifest_Generation[sdk=iphonesimulator*]" = YES;
				"INFOPLIST_KEY_UIApplicationSupportsIndirectInputEvents[sdk=iphoneos*]" = YES;
				"INFOPLIST_KEY_UIApplicationSupportsIndirectInputEvents[sdk=iphonesimulator*]" = YES;
				"INFOPLIST_KEY_UILaunchScreen_Generation[sdk=iphoneos*]" = YES;
				"INFOPLIST_KEY_UILaunchScreen_Generation[sdk=iphonesimulator*]" = YES;
				"INFOPLIST_KEY_UIStatusBarStyle[sdk=iphoneos*]" = UIStatusBarStyleDefault;
				"INFOPLIST_KEY_UIStatusBarStyle[sdk=iphonesimulator*]" = UIStatusBarStyleDefault;
				INFOPLIST_KEY_UISupportedInterfaceOrientations_iPad = "UIInterfaceOrientationPortrait UIInterfaceOrientationPortraitUpsideDown UIInterfaceOrientationLandscapeLeft UIInterfaceOrientationLandscapeRight";
				INFOPLIST_KEY_UISupportedInterfaceOrientations_iPhone = "UIInterfaceOrientationPortrait UIInterfaceOrientationLandscapeLeft UIInterfaceOrientationLandscapeRight";
				IPHONEOS_DEPLOYMENT_TARGET = 26.2;
				LD_RUNPATH_SEARCH_PATHS = "@executable_path/Frameworks";
				"LD_RUNPATH_SEARCH_PATHS[sdk=macosx*]" = "@executable_path/../Frameworks";
				MACOSX_DEPLOYMENT_TARGET = 26.2;
				MARKETING_VERSION = 1.1;
				PRODUCT_BUNDLE_IDENTIFIER = br.com.danilo.CreditCardTracker;
				PRODUCT_NAME = "$(TARGET_NAME)";
				REGISTER_APP_GROUPS = YES;
				SDKROOT = auto;
				STRING_CATALOG_GENERATE_SYMBOLS = YES;
				SUPPORTED_PLATFORMS = "iphoneos iphonesimulator macosx xros xrsimulator";
				SWIFT_APPROACHABLE_CONCURRENCY = YES;
				SWIFT_DEFAULT_ACTOR_ISOLATION = MainActor;
				SWIFT_EMIT_LOC_STRINGS = YES;
				SWIFT_UPCOMING_FEATURE_MEMBER_IMPORT_VISIBILITY = YES;
				SWIFT_VERSION = 5.0;
				TARGETED_DEVICE_FAMILY = "1,2,7";
				XROS_DEPLOYMENT_TARGET = 26.2;
			};
			name = Debug;
		};
		9F8DB0492F637FFB001A9C60 /* Release */ = {
			isa = XCBuildConfiguration;
			buildSettings = {
				ASSETCATALOG_COMPILER_APPICON_NAME = AppIcon;
				ASSETCATALOG_COMPILER_GLOBAL_ACCENT_COLOR_NAME = AccentColor;
				CODE_SIGN_ENTITLEMENTS = CreditCardTracker/CreditCardTracker.entitlements;
				CODE_SIGN_STYLE = Automatic;
				CURRENT_PROJECT_VERSION = 1;
				DEVELOPMENT_TEAM = 5YJFEUC2H5;
				ENABLE_APP_SANDBOX = YES;
				ENABLE_HARDENED_RUNTIME = YES;
				ENABLE_PREVIEWS = YES;
				ENABLE_USER_SELECTED_FILES = readonly;
				GENERATE_INFOPLIST_FILE = YES;
				INFOPLIST_KEY_CFBundleDisplayName = "Cartões";
				INFOPLIST_KEY_NSFaceIDUsageDescription = "Autentique-se para acessar seus cartões.";
				"INFOPLIST_KEY_UIApplicationSceneManifest_Generation[sdk=iphoneos*]" = YES;
				"INFOPLIST_KEY_UIApplicationSceneManifest_Generation[sdk=iphonesimulator*]" = YES;
				"INFOPLIST_KEY_UIApplicationSupportsIndirectInputEvents[sdk=iphoneos*]" = YES;
				"INFOPLIST_KEY_UIApplicationSupportsIndirectInputEvents[sdk=iphonesimulator*]" = YES;
				"INFOPLIST_KEY_UILaunchScreen_Generation[sdk=iphoneos*]" = YES;
				"INFOPLIST_KEY_UILaunchScreen_Generation[sdk=iphonesimulator*]" = YES;
				"INFOPLIST_KEY_UIStatusBarStyle[sdk=iphoneos*]" = UIStatusBarStyleDefault;
				"INFOPLIST_KEY_UIStatusBarStyle[sdk=iphonesimulator*]" = UIStatusBarStyleDefault;
				INFOPLIST_KEY_UISupportedInterfaceOrientations_iPad = "UIInterfaceOrientationPortrait UIInterfaceOrientationPortraitUpsideDown UIInterfaceOrientationLandscapeLeft UIInterfaceOrientationLandscapeRight";
				INFOPLIST_KEY_UISupportedInterfaceOrientations_iPhone = "UIInterfaceOrientationPortrait UIInterfaceOrientationLandscapeLeft UIInterfaceOrientationLandscapeRight";
				IPHONEOS_DEPLOYMENT_TARGET = 26.2;
				LD_RUNPATH_SEARCH_PATHS = "@executable_path/Frameworks";
				"LD_RUNPATH_SEARCH_PATHS[sdk=macosx*]" = "@executable_path/../Frameworks";
				MACOSX_DEPLOYMENT_TARGET = 26.2;
				MARKETING_VERSION = 1.1;
				PRODUCT_BUNDLE_IDENTIFIER = br.com.danilo.CreditCardTracker;
				PRODUCT_NAME = "$(TARGET_NAME)";
				REGISTER_APP_GROUPS = YES;
				SDKROOT = auto;
				STRING_CATALOG_GENERATE_SYMBOLS = YES;
				SUPPORTED_PLATFORMS = "iphoneos iphonesimulator macosx xros xrsimulator";
				SWIFT_APPROACHABLE_CONCURRENCY = YES;
				SWIFT_DEFAULT_ACTOR_ISOLATION = MainActor;
				SWIFT_EMIT_LOC_STRINGS = YES;
				SWIFT_UPCOMING_FEATURE_MEMBER_IMPORT_VISIBILITY = YES;
				SWIFT_VERSION = 5.0;
				TARGETED_DEVICE_FAMILY = "1,2,7";
				XROS_DEPLOYMENT_TARGET = 26.2;
			};
			name = Release;
		};
/* End XCBuildConfiguration section */

/* Begin XCConfigurationList section */
		9F83344D2F68A29700F8A784 /* Build configuration list for PBXNativeTarget "CreditCardWidgetExtensionExtension" */ = {
			isa = XCConfigurationList;
			buildConfigurations = (
				9F83344A2F68A29700F8A784 /* Debug */,
				9F83344B2F68A29700F8A784 /* Release */,
			);
			defaultConfigurationIsVisible = 0;
			defaultConfigurationName = Release;
		};
		9F8DB0372F637FFA001A9C60 /* Build configuration list for PBXProject "CreditCardTracker" */ = {
			isa = XCConfigurationList;
			buildConfigurations = (
				9F8DB0452F637FFB001A9C60 /* Debug */,
				9F8DB0462F637FFB001A9C60 /* Release */,
			);
			defaultConfigurationIsVisible = 0;
			defaultConfigurationName = Release;
		};
		9F8DB0472F637FFB001A9C60 /* Build configuration list for PBXNativeTarget "CreditCardTracker" */ = {
			isa = XCConfigurationList;
			buildConfigurations = (
				9F8DB0482F637FFB001A9C60 /* Debug */,
				9F8DB0492F637FFB001A9C60 /* Release */,
			);
			defaultConfigurationIsVisible = 0;
			defaultConfigurationName = Release;
		};
/* End XCConfigurationList section */
	};
	rootObject = 9F8DB0342F637FFA001A9C60 /* Project object */;
}
